
Microsoft Visual Studio Solution File, Format Version 12.00
# Visual Studio Version 17
VisualStudioVersion = 17.10.35027.167
MinimumVisualStudioVersion = 10.0.40219.1
Project("{FAE04EC0-301F-11D3-BF4B-00C04F79EFBC}") = "Crypto_MVC", "Crypto_MVC\Crypto_MVC.csproj", "{76F059FE-CC9B-48A0-BC8D-F8AECB911CFF}"
EndProject
Global
	GlobalSection(SolutionConfigurationPlatforms) = preSolution
		Debug|Any CPU = Debug|Any CPU
		Release|Any CPU = Release|Any CPU
	EndGlobalSection
	GlobalSection(ProjectConfigurationPlatforms) = postSolution
		{76F059FE-CC9B-48A0-BC8D-F8AECB911CFF}.Debug|Any CPU.ActiveCfg = Debug|Any CPU
		{76F059FE-CC9B-48A0-BC8D-F8AECB911CFF}.Debug|Any CPU.Build.0 = Debug|Any CPU
		{76F059FE-CC9B-48A0-BC8D-F8AECB911CFF}.Release|Any CPU.ActiveCfg = Release|Any CPU
		{76F059FE-CC9B-48A0-BC8D-F8AECB911CFF}.Release|Any CPU.Build.0 = Release|Any CPU
	EndGlobalSection
	GlobalSection(SolutionProperties) = preSolution
		HideSolutionNode = FALSE
	EndGlobalSection
	GlobalSection(ExtensibilityGlobals) = postSolution
		SolutionGuid = {1011EE83-FCFF-43BE-A26E-426407ADBF9A}
	EndGlobalSection
EndGlobal
